// !$*UTF8*$!
{
	archiveVersion = 1;
	classes = {
	};
	objectVersion = 50;
	objects = {

/* Begin PBXBuildFile section */
		2145DB75A15F62F0BB4325F7 /* libPods-LBCommonComponentsTestProject.a in Frameworks */ = {isa = PBXBuildFile; fileRef = 1522CACBFC08DF221B33410F /* libPods-LBCommonComponentsTestProject.a */; };
		4012EC1922202D22006510F3 /* LBTitleAndInputCell.m in Sources */ = {isa = PBXBuildFile; fileRef = 4012EBEF22202D22006510F3 /* LBTitleAndInputCell.m */; };
		4012EC1A22202D22006510F3 /* LBCodeGetButton.m in Sources */ = {isa = PBXBuildFile; fileRef = 4012EBF322202D22006510F3 /* LBCodeGetButton.m */; };
		4012EC1B22202D22006510F3 /* UIView+LBInit.m in Sources */ = {isa = PBXBuildFile; fileRef = 4012EBF722202D22006510F3 /* UIView+LBInit.m */; };
		4012EC1C22202D22006510F3 /* UIButton+LBInit.m in Sources */ = {isa = PBXBuildFile; fileRef = 4012EBF822202D22006510F3 /* UIButton+LBInit.m */; };
		4012EC1D22202D22006510F3 /* UILabel+LBInit.m in Sources */ = {isa = PBXBuildFile; fileRef = 4012EBF922202D22006510F3 /* UILabel+LBInit.m */; };
		4012EC1E22202D23006510F3 /* LBCustemPresentTransitions.m in Sources */ = {isa = PBXBuildFile; fileRef = 4012EBFE22202D22006510F3 /* LBCustemPresentTransitions.m */; };
		4012EC2022202D23006510F3 /* LBSecKeyWrapper.m in Sources */ = {isa = PBXBuildFile; fileRef = 4012EC0422202D22006510F3 /* LBSecKeyWrapper.m */; };
		4012EC2122202D23006510F3 /* LBAESEncrypt.m in Sources */ = {isa = PBXBuildFile; fileRef = 4012EC0722202D22006510F3 /* LBAESEncrypt.m */; };
		4012EC2222202D23006510F3 /* LBItemsSelectViewController.m in Sources */ = {isa = PBXBuildFile; fileRef = 4012EC0C22202D22006510F3 /* LBItemsSelectViewController.m */; };
		4012EC2322202D23006510F3 /* ic_forward.png in Resources */ = {isa = PBXBuildFile; fileRef = 4012EC0F22202D22006510F3 /* ic_forward.png */; };
		4012EC2422202D23006510F3 /* ic_back.png in Resources */ = {isa = PBXBuildFile; fileRef = 4012EC1022202D22006510F3 /* ic_back.png */; };
		4012EC2522202D23006510F3 /* LBWebViewController.m in Sources */ = {isa = PBXBuildFile; fileRef = 4012EC1122202D22006510F3 /* LBWebViewController.m */; };
		4012EC2722202D23006510F3 /* LBAlertController.m in Sources */ = {isa = PBXBuildFile; fileRef = 4012EC1722202D22006510F3 /* LBAlertController.m */; };
		401998C6224CA1B4009EA79C /* Images.xcassets in Resources */ = {isa = PBXBuildFile; fileRef = 401998C5224CA1B4009EA79C /* Images.xcassets */; };
		4027374B230D28B200F81FA0 /* LBTextField.m in Sources */ = {isa = PBXBuildFile; fileRef = 40273749230D28B200F81FA0 /* LBTextField.m */; };
		4047E93F230CDD3200A9FF80 /* LBPhotoPreviewController.m in Sources */ = {isa = PBXBuildFile; fileRef = 4047E93C230CDD3200A9FF80 /* LBPhotoPreviewController.m */; };
		4047E940230CDD3200A9FF80 /* lbphoto_back@2x.png in Resources */ = {isa = PBXBuildFile; fileRef = 4047E93D230CDD3200A9FF80 /* lbphoto_back@2x.png */; };
		4047E941230CDD3200A9FF80 /* lbphoto_delete@2x.png in Resources */ = {isa = PBXBuildFile; fileRef = 4047E93E230CDD3200A9FF80 /* lbphoto_delete@2x.png */; };
		4069AF68230BD13E0074C2E6 /* UIView+LBGeometry.m in Sources */ = {isa = PBXBuildFile; fileRef = 4069AF66230BD13E0074C2E6 /* UIView+LBGeometry.m */; };
		406DAFD5222E2C22000A7BE9 /* UIColor+LBConvertToImage.m in Sources */ = {isa = PBXBuildFile; fileRef = 406DAFD4222E2C22000A7BE9 /* UIColor+LBConvertToImage.m */; };
		406DAFE5222E2DCD000A7BE9 /* NSDate+LBToString.m in Sources */ = {isa = PBXBuildFile; fileRef = 406DAFE4222E2DCD000A7BE9 /* NSDate+LBToString.m */; };
		406DAFE8222E2DE1000A7BE9 /* NSString+LBToDate.m in Sources */ = {isa = PBXBuildFile; fileRef = 406DAFE7222E2DE1000A7BE9 /* NSString+LBToDate.m */; };
		406DAFEC222E31B8000A7BE9 /* NSNull+LBInternalNullExtention.m in Sources */ = {isa = PBXBuildFile; fileRef = 406DAFEA222E31B8000A7BE9 /* NSNull+LBInternalNullExtention.m */; };
		407F850622F153ED000CC777 /* LBSystemPhotoPicker.m in Sources */ = {isa = PBXBuildFile; fileRef = 407F850422F153ED000CC777 /* LBSystemPhotoPicker.m */; };
		408847D222E6C954002A25BD /* LBVerticalButton.m in Sources */ = {isa = PBXBuildFile; fileRef = 408847D022E6C954002A25BD /* LBVerticalButton.m */; };
		4091C17422816CAF00C09FE6 /* LBCodeView.m in Sources */ = {isa = PBXBuildFile; fileRef = 4091C17222816CAF00C09FE6 /* LBCodeView.m */; };
		40A83B682304037A00D3FE90 /* LBTableViewCell.m in Sources */ = {isa = PBXBuildFile; fileRef = 40A83B642304037A00D3FE90 /* LBTableViewCell.m */; };
		40A83B692304037A00D3FE90 /* LBTitleFrontImageBehindButton.m in Sources */ = {isa = PBXBuildFile; fileRef = 40A83B672304037A00D3FE90 /* LBTitleFrontImageBehindButton.m */; };
		40A83B6E2304056100D3FE90 /* LBLunarFormatter.m in Sources */ = {isa = PBXBuildFile; fileRef = 40A83B6D2304056100D3FE90 /* LBLunarFormatter.m */; };
		40BEB3DB221E43BF005A8481 /* main.m in Sources */ = {isa = PBXBuildFile; fileRef = 40BEB3DA221E43BF005A8481 /* main.m */; };
		40BEB3E7221E4469005A8481 /* AppDelegate.m in Sources */ = {isa = PBXBuildFile; fileRef = 40BEB3E3221E4469005A8481 /* AppDelegate.m */; };
		40BEB3E8221E4469005A8481 /* LBCommonComponentsTestVC.m in Sources */ = {isa = PBXBuildFile; fileRef = 40BEB3E5221E4469005A8481 /* LBCommonComponentsTestVC.m */; };
		40C6F09822D3345A005770E9 /* LBUnderlineButton.m in Sources */ = {isa = PBXBuildFile; fileRef = 40C6F09722D3345A005770E9 /* LBUnderlineButton.m */; };
		40C6F09E22D33583005770E9 /* LBUserModel+TempOperateInfo.m in Sources */ = {isa = PBXBuildFile; fileRef = 40C6F09A22D33582005770E9 /* LBUserModel+TempOperateInfo.m */; };
		40C6F09F22D33583005770E9 /* LBUserModel.m in Sources */ = {isa = PBXBuildFile; fileRef = 40C6F09B22D33583005770E9 /* LBUserModel.m */; };
		40C6F0A322D34344005770E9 /* LBUnderlineSegmentedControl.m in Sources */ = {isa = PBXBuildFile; fileRef = 40C6F0A222D34344005770E9 /* LBUnderlineSegmentedControl.m */; };
		40C6F0A722D34417005770E9 /* LBYearMonthPickerVC.m in Sources */ = {isa = PBXBuildFile; fileRef = 40C6F0A622D34417005770E9 /* LBYearMonthPickerVC.m */; };
		40E061B2221FCB5D00DB89E3 /* LBCommonComponents.podspec in Resources */ = {isa = PBXBuildFile; fileRef = 40E061B1221FCB5D00DB89E3 /* LBCommonComponents.podspec */; };
		40ECB5BC23225D0B00AC48B8 /* LBReusableScrollView.m in Sources */ = {isa = PBXBuildFile; fileRef = 40ECB5BA23225D0B00AC48B8 /* LBReusableScrollView.m */; };
		40F69D8D22E57C9300EEA23A /* LBRichTextView.m in Sources */ = {isa = PBXBuildFile; fileRef = 40F69D8B22E57C9300EEA23A /* LBRichTextView.m */; };
		40F69D9422E5B64C00EEA23A /* UIImage+LBChangeColor.m in Sources */ = {isa = PBXBuildFile; fileRef = 40F69D9322E5B64C00EEA23A /* UIImage+LBChangeColor.m */; };
		40F82ECE2276BE4E000259A3 /* LBPlaceholderTextView.m in Sources */ = {isa = PBXBuildFile; fileRef = 40F82ECD2276BE4E000259A3 /* LBPlaceholderTextView.m */; };
/* End PBXBuildFile section */

/* Begin PBXFileReference section */
		1522CACBFC08DF221B33410F /* libPods-LBCommonComponentsTestProject.a */ = {isa = PBXFileReference; explicitFileType = archive.ar; includeInIndex = 0; path = "libPods-LBCommonComponentsTestProject.a"; sourceTree = BUILT_PRODUCTS_DIR; };
		3ED8077D0FAB1027D13E3C0E /* Pods-LBCommonComponentsTestProject.debug.xcconfig */ = {isa = PBXFileReference; includeInIndex = 1; lastKnownFileType = text.xcconfig; name = "Pods-LBCommonComponentsTestProject.debug.xcconfig"; path = "Target Support Files/Pods-LBCommonComponentsTestProject/Pods-LBCommonComponentsTestProject.debug.xcconfig"; sourceTree = "<group>"; };
		4012EBEF22202D22006510F3 /* LBTitleAndInputCell.m */ = {isa = PBXFileReference; fileEncoding = 4; lastKnownFileType = sourcecode.c.objc; path = LBTitleAndInputCell.m; sourceTree = "<group>"; };
		4012EBF022202D22006510F3 /* LBTitleAndInputCell.h */ = {isa = PBXFileReference; fileEncoding = 4; lastKnownFileType = sourcecode.c.h; path = LBTitleAndInputCell.h; sourceTree = "<group>"; };
		4012EBF222202D22006510F3 /* LBCodeGetButton.h */ = {isa = PBXFileReference; fileEncoding = 4; lastKnownFileType = sourcecode.c.h; path = LBCodeGetButton.h; sourceTree = "<group>"; };
		4012EBF322202D22006510F3 /* LBCodeGetButton.m */ = {isa = PBXFileReference; fileEncoding = 4; lastKnownFileType = sourcecode.c.objc; path = LBCodeGetButton.m; sourceTree = "<group>"; };
		4012EBF522202D22006510F3 /* UILabel+LBInit.h */ = {isa = PBXFileReference; fileEncoding = 4; lastKnownFileType = sourcecode.c.h; path = "UILabel+LBInit.h"; sourceTree = "<group>"; };
		4012EBF622202D22006510F3 /* UIButton+LBInit.h */ = {isa = PBXFileReference; fileEncoding = 4; lastKnownFileType = sourcecode.c.h; path = "UIButton+LBInit.h"; sourceTree = "<group>"; };
		4012EBF722202D22006510F3 /* UIView+LBInit.m */ = {isa = PBXFileReference; fileEncoding = 4; lastKnownFileType = sourcecode.c.objc; path = "UIView+LBInit.m"; sourceTree = "<group>"; };
		4012EBF822202D22006510F3 /* UIButton+LBInit.m */ = {isa = PBXFileReference; fileEncoding = 4; lastKnownFileType = sourcecode.c.objc; path = "UIButton+LBInit.m"; sourceTree = "<group>"; };
		4012EBF922202D22006510F3 /* UILabel+LBInit.m */ = {isa = PBXFileReference; fileEncoding = 4; lastKnownFileType = sourcecode.c.objc; path = "UILabel+LBInit.m"; sourceTree = "<group>"; };
		4012EBFA22202D22006510F3 /* UIView+LBInit.h */ = {isa = PBXFileReference; fileEncoding = 4; lastKnownFileType = sourcecode.c.h; path = "UIView+LBInit.h"; sourceTree = "<group>"; };
		4012EBFD22202D22006510F3 /* LBCustemPresentTransitions.h */ = {isa = PBXFileReference; fileEncoding = 4; lastKnownFileType = sourcecode.c.h; path = LBCustemPresentTransitions.h; sourceTree = "<group>"; };
		4012EBFE22202D22006510F3 /* LBCustemPresentTransitions.m */ = {isa = PBXFileReference; fileEncoding = 4; lastKnownFileType = sourcecode.c.objc; path = LBCustemPresentTransitions.m; sourceTree = "<group>"; };
		4012EC0422202D22006510F3 /* LBSecKeyWrapper.m */ = {isa = PBXFileReference; fileEncoding = 4; lastKnownFileType = sourcecode.c.objc; path = LBSecKeyWrapper.m; sourceTree = "<group>"; };
		4012EC0522202D22006510F3 /* LBSecKeyWrapper.h */ = {isa = PBXFileReference; fileEncoding = 4; lastKnownFileType = sourcecode.c.h; path = LBSecKeyWrapper.h; sourceTree = "<group>"; };
		4012EC0722202D22006510F3 /* LBAESEncrypt.m */ = {isa = PBXFileReference; fileEncoding = 4; lastKnownFileType = sourcecode.c.objc; path = LBAESEncrypt.m; sourceTree = "<group>"; };
		4012EC0822202D22006510F3 /* LBAESEncrypt.h */ = {isa = PBXFileReference; fileEncoding = 4; lastKnownFileType = sourcecode.c.h; path = LBAESEncrypt.h; sourceTree = "<group>"; };
		4012EC0B22202D22006510F3 /* LBItemsSelectViewController.h */ = {isa = PBXFileReference; fileEncoding = 4; lastKnownFileType = sourcecode.c.h; path = LBItemsSelectViewController.h; sourceTree = "<group>"; };
		4012EC0C22202D22006510F3 /* LBItemsSelectViewController.m */ = {isa = PBXFileReference; fileEncoding = 4; lastKnownFileType = sourcecode.c.objc; path = LBItemsSelectViewController.m; sourceTree = "<group>"; };
		4012EC0E22202D22006510F3 /* LBWebViewController.h */ = {isa = PBXFileReference; fileEncoding = 4; lastKnownFileType = sourcecode.c.h; path = LBWebViewController.h; sourceTree = "<group>"; };
		4012EC0F22202D22006510F3 /* ic_forward.png */ = {isa = PBXFileReference; lastKnownFileType = image.png; path = ic_forward.png; sourceTree = "<group>"; };
		4012EC1022202D22006510F3 /* ic_back.png */ = {isa = PBXFileReference; lastKnownFileType = image.png; path = ic_back.png; sourceTree = "<group>"; };
		4012EC1122202D22006510F3 /* LBWebViewController.m */ = {isa = PBXFileReference; fileEncoding = 4; lastKnownFileType = sourcecode.c.objc; path = LBWebViewController.m; sourceTree = "<group>"; };
		4012EC1622202D22006510F3 /* LBAlertController.h */ = {isa = PBXFileReference; fileEncoding = 4; lastKnownFileType = sourcecode.c.h; path = LBAlertController.h; sourceTree = "<group>"; };
		4012EC1722202D22006510F3 /* LBAlertController.m */ = {isa = PBXFileReference; fileEncoding = 4; lastKnownFileType = sourcecode.c.objc; path = LBAlertController.m; sourceTree = "<group>"; };
		4012EC2A22205469006510F3 /* LBFunctionMacro.h */ = {isa = PBXFileReference; fileEncoding = 4; lastKnownFileType = sourcecode.c.h; path = LBFunctionMacro.h; sourceTree = "<group>"; };
		4012EC2B22205469006510F3 /* LBSystemMacro.h */ = {isa = PBXFileReference; fileEncoding = 4; lastKnownFileType = sourcecode.c.h; path = LBSystemMacro.h; sourceTree = "<group>"; };
		4012EC2C22205469006510F3 /* LBUIMacro.h */ = {isa = PBXFileReference; fileEncoding = 4; lastKnownFileType = sourcecode.c.h; path = LBUIMacro.h; sourceTree = "<group>"; };
		401998C5224CA1B4009EA79C /* Images.xcassets */ = {isa = PBXFileReference; lastKnownFileType = folder.assetcatalog; path = Images.xcassets; sourceTree = "<group>"; };
		40273749230D28B200F81FA0 /* LBTextField.m */ = {isa = PBXFileReference; fileEncoding = 4; lastKnownFileType = sourcecode.c.objc; path = LBTextField.m; sourceTree = "<group>"; };
		4027374A230D28B200F81FA0 /* LBTextField.h */ = {isa = PBXFileReference; fileEncoding = 4; lastKnownFileType = sourcecode.c.h; path = LBTextField.h; sourceTree = "<group>"; };
		4047E93B230CDD3200A9FF80 /* LBPhotoPreviewController.h */ = {isa = PBXFileReference; fileEncoding = 4; lastKnownFileType = sourcecode.c.h; path = LBPhotoPreviewController.h; sourceTree = "<group>"; };
		4047E93C230CDD3200A9FF80 /* LBPhotoPreviewController.m */ = {isa = PBXFileReference; fileEncoding = 4; lastKnownFileType = sourcecode.c.objc; path = LBPhotoPreviewController.m; sourceTree = "<group>"; };
		4047E93D230CDD3200A9FF80 /* lbphoto_back@2x.png */ = {isa = PBXFileReference; lastKnownFileType = image.png; path = "lbphoto_back@2x.png"; sourceTree = "<group>"; };
		4047E93E230CDD3200A9FF80 /* lbphoto_delete@2x.png */ = {isa = PBXFileReference; lastKnownFileType = image.png; path = "lbphoto_delete@2x.png"; sourceTree = "<group>"; };
		4069AF66230BD13E0074C2E6 /* UIView+LBGeometry.m */ = {isa = PBXFileReference; fileEncoding = 4; lastKnownFileType = sourcecode.c.objc; path = "UIView+LBGeometry.m"; sourceTree = "<group>"; };
		4069AF67230BD13E0074C2E6 /* UIView+LBGeometry.h */ = {isa = PBXFileReference; fileEncoding = 4; lastKnownFileType = sourcecode.c.h; path = "UIView+LBGeometry.h"; sourceTree = "<group>"; };
		406DAFD3222E2C22000A7BE9 /* UIColor+LBConvertToImage.h */ = {isa = PBXFileReference; lastKnownFileType = sourcecode.c.h; path = "UIColor+LBConvertToImage.h"; sourceTree = "<group>"; };
		406DAFD4222E2C22000A7BE9 /* UIColor+LBConvertToImage.m */ = {isa = PBXFileReference; lastKnownFileType = sourcecode.c.objc; path = "UIColor+LBConvertToImage.m"; sourceTree = "<group>"; };
		406DAFE3222E2DCD000A7BE9 /* NSDate+LBToString.h */ = {isa = PBXFileReference; lastKnownFileType = sourcecode.c.h; path = "NSDate+LBToString.h"; sourceTree = "<group>"; };
		406DAFE4222E2DCD000A7BE9 /* NSDate+LBToString.m */ = {isa = PBXFileReference; lastKnownFileType = sourcecode.c.objc; path = "NSDate+LBToString.m"; sourceTree = "<group>"; };
		406DAFE6222E2DE1000A7BE9 /* NSString+LBToDate.h */ = {isa = PBXFileReference; lastKnownFileType = sourcecode.c.h; path = "NSString+LBToDate.h"; sourceTree = "<group>"; };
		406DAFE7222E2DE1000A7BE9 /* NSString+LBToDate.m */ = {isa = PBXFileReference; lastKnownFileType = sourcecode.c.objc; path = "NSString+LBToDate.m"; sourceTree = "<group>"; };
		406DAFEA222E31B8000A7BE9 /* NSNull+LBInternalNullExtention.m */ = {isa = PBXFileReference; fileEncoding = 4; lastKnownFileType = sourcecode.c.objc; path = "NSNull+LBInternalNullExtention.m"; sourceTree = "<group>"; };
		406DAFEB222E31B8000A7BE9 /* NSNull+LBInternalNullExtention.h */ = {isa = PBXFileReference; fileEncoding = 4; lastKnownFileType = sourcecode.c.h; path = "NSNull+LBInternalNullExtention.h"; sourceTree = "<group>"; };
		407F850422F153ED000CC777 /* LBSystemPhotoPicker.m */ = {isa = PBXFileReference; fileEncoding = 4; lastKnownFileType = sourcecode.c.objc; path = LBSystemPhotoPicker.m; sourceTree = "<group>"; };
		407F850522F153ED000CC777 /* LBSystemPhotoPicker.h */ = {isa = PBXFileReference; fileEncoding = 4; lastKnownFileType = sourcecode.c.h; path = LBSystemPhotoPicker.h; sourceTree = "<group>"; };
		408847D022E6C954002A25BD /* LBVerticalButton.m */ = {isa = PBXFileReference; fileEncoding = 4; lastKnownFileType = sourcecode.c.objc; path = LBVerticalButton.m; sourceTree = "<group>"; };
		408847D122E6C954002A25BD /* LBVerticalButton.h */ = {isa = PBXFileReference; fileEncoding = 4; lastKnownFileType = sourcecode.c.h; path = LBVerticalButton.h; sourceTree = "<group>"; };
		4091C17222816CAF00C09FE6 /* LBCodeView.m */ = {isa = PBXFileReference; fileEncoding = 4; lastKnownFileType = sourcecode.c.objc; path = LBCodeView.m; sourceTree = "<group>"; };
		4091C17322816CAF00C09FE6 /* LBCodeView.h */ = {isa = PBXFileReference; fileEncoding = 4; lastKnownFileType = sourcecode.c.h; path = LBCodeView.h; sourceTree = "<group>"; };
		40A83B632304037A00D3FE90 /* LBTableViewCell.h */ = {isa = PBXFileReference; fileEncoding = 4; lastKnownFileType = sourcecode.c.h; path = LBTableViewCell.h; sourceTree = "<group>"; };
		40A83B642304037A00D3FE90 /* LBTableViewCell.m */ = {isa = PBXFileReference; fileEncoding = 4; lastKnownFileType = sourcecode.c.objc; path = LBTableViewCell.m; sourceTree = "<group>"; };
		40A83B662304037A00D3FE90 /* LBTitleFrontImageBehindButton.h */ = {isa = PBXFileReference; fileEncoding = 4; lastKnownFileType = sourcecode.c.h; path = LBTitleFrontImageBehindButton.h; sourceTree = "<group>"; };
		40A83B672304037A00D3FE90 /* LBTitleFrontImageBehindButton.m */ = {isa = PBXFileReference; fileEncoding = 4; lastKnownFileType = sourcecode.c.objc; path = LBTitleFrontImageBehindButton.m; sourceTree = "<group>"; };
		40A83B6B2304056100D3FE90 /* LBLunarFormatter.h */ = {isa = PBXFileReference; fileEncoding = 4; lastKnownFileType = sourcecode.c.h; path = LBLunarFormatter.h; sourceTree = "<group>"; };
		40A83B6D2304056100D3FE90 /* LBLunarFormatter.m */ = {isa = PBXFileReference; fileEncoding = 4; lastKnownFileType = sourcecode.c.objc; path = LBLunarFormatter.m; sourceTree = "<group>"; };
		40AEA9EE224C6B0B0063FCE0 /* LBCommonComponentsTestVC.h */ = {isa = PBXFileReference; fileEncoding = 4; lastKnownFileType = sourcecode.c.h; path = LBCommonComponentsTestVC.h; sourceTree = "<group>"; };
		40BEB3C8221E43BE005A8481 /* LBCommonComponentsTestProject.app */ = {isa = PBXFileReference; explicitFileType = wrapper.application; includeInIndex = 0; path = LBCommonComponentsTestProject.app; sourceTree = BUILT_PRODUCTS_DIR; };
		40BEB3D9221E43BF005A8481 /* Info.plist */ = {isa = PBXFileReference; lastKnownFileType = text.plist.xml; path = Info.plist; sourceTree = "<group>"; };
		40BEB3DA221E43BF005A8481 /* main.m */ = {isa = PBXFileReference; lastKnownFileType = sourcecode.c.objc; path = main.m; sourceTree = "<group>"; };
		40BEB3E2221E4469005A8481 /* AppDelegate.h */ = {isa = PBXFileReference; fileEncoding = 4; lastKnownFileType = sourcecode.c.h; path = AppDelegate.h; sourceTree = "<group>"; };
		40BEB3E3221E4469005A8481 /* AppDelegate.m */ = {isa = PBXFileReference; fileEncoding = 4; lastKnownFileType = sourcecode.c.objc; path = AppDelegate.m; sourceTree = "<group>"; };
		40BEB3E5221E4469005A8481 /* LBCommonComponentsTestVC.m */ = {isa = PBXFileReference; fileEncoding = 4; lastKnownFileType = sourcecode.c.objc; path = LBCommonComponentsTestVC.m; sourceTree = "<group>"; };
		40C6F09622D3345A005770E9 /* LBUnderlineButton.h */ = {isa = PBXFileReference; fileEncoding = 4; lastKnownFileType = sourcecode.c.h; path = LBUnderlineButton.h; sourceTree = "<group>"; };
		40C6F09722D3345A005770E9 /* LBUnderlineButton.m */ = {isa = PBXFileReference; fileEncoding = 4; lastKnownFileType = sourcecode.c.objc; path = LBUnderlineButton.m; sourceTree = "<group>"; };
		40C6F09A22D33582005770E9 /* LBUserModel+TempOperateInfo.m */ = {isa = PBXFileReference; fileEncoding = 4; lastKnownFileType = sourcecode.c.objc; path = "LBUserModel+TempOperateInfo.m"; sourceTree = "<group>"; };
		40C6F09B22D33583005770E9 /* LBUserModel.m */ = {isa = PBXFileReference; fileEncoding = 4; lastKnownFileType = sourcecode.c.objc; path = LBUserModel.m; sourceTree = "<group>"; };
		40C6F09C22D33583005770E9 /* LBUserModel+TempOperateInfo.h */ = {isa = PBXFileReference; fileEncoding = 4; lastKnownFileType = sourcecode.c.h; path = "LBUserModel+TempOperateInfo.h"; sourceTree = "<group>"; };
		40C6F09D22D33583005770E9 /* LBUserModel.h */ = {isa = PBXFileReference; fileEncoding = 4; lastKnownFileType = sourcecode.c.h; path = LBUserModel.h; sourceTree = "<group>"; };
		40C6F0A122D34344005770E9 /* LBUnderlineSegmentedControl.h */ = {isa = PBXFileReference; fileEncoding = 4; lastKnownFileType = sourcecode.c.h; path = LBUnderlineSegmentedControl.h; sourceTree = "<group>"; };
		40C6F0A222D34344005770E9 /* LBUnderlineSegmentedControl.m */ = {isa = PBXFileReference; fileEncoding = 4; lastKnownFileType = sourcecode.c.objc; path = LBUnderlineSegmentedControl.m; sourceTree = "<group>"; };
		40C6F0A522D34417005770E9 /* LBYearMonthPickerVC.h */ = {isa = PBXFileReference; fileEncoding = 4; lastKnownFileType = sourcecode.c.h; path = LBYearMonthPickerVC.h; sourceTree = "<group>"; };
		40C6F0A622D34417005770E9 /* LBYearMonthPickerVC.m */ = {isa = PBXFileReference; fileEncoding = 4; lastKnownFileType = sourcecode.c.objc; path = LBYearMonthPickerVC.m; sourceTree = "<group>"; };
		40E061B1221FCB5D00DB89E3 /* LBCommonComponents.podspec */ = {isa = PBXFileReference; fileEncoding = 4; lastKnownFileType = text; path = LBCommonComponents.podspec; sourceTree = "<group>"; };
		40E061B7221FD36E00DB89E3 /* LBCommonComponentsTestProject.pch */ = {isa = PBXFileReference; lastKnownFileType = sourcecode.c.h; path = LBCommonComponentsTestProject.pch; sourceTree = "<group>"; };
		40ECB5BA23225D0B00AC48B8 /* LBReusableScrollView.m */ = {isa = PBXFileReference; fileEncoding = 4; lastKnownFileType = sourcecode.c.objc; path = LBReusableScrollView.m; sourceTree = "<group>"; };
		40ECB5BB23225D0B00AC48B8 /* LBReusableScrollView.h */ = {isa = PBXFileReference; fileEncoding = 4; lastKnownFileType = sourcecode.c.h; path = LBReusableScrollView.h; sourceTree = "<group>"; };
		40F69D8B22E57C9300EEA23A /* LBRichTextView.m */ = {isa = PBXFileReference; fileEncoding = 4; lastKnownFileType = sourcecode.c.objc; path = LBRichTextView.m; sourceTree = "<group>"; };
		40F69D8C22E57C9300EEA23A /* LBRichTextView.h */ = {isa = PBXFileReference; fileEncoding = 4; lastKnownFileType = sourcecode.c.h; path = LBRichTextView.h; sourceTree = "<group>"; };
		40F69D9222E5B64C00EEA23A /* UIImage+LBChangeColor.h */ = {isa = PBXFileReference; fileEncoding = 4; lastKnownFileType = sourcecode.c.h; path = "UIImage+LBChangeColor.h"; sourceTree = "<group>"; };
		40F69D9322E5B64C00EEA23A /* UIImage+LBChangeColor.m */ = {isa = PBXFileReference; fileEncoding = 4; lastKnownFileType = sourcecode.c.objc; path = "UIImage+LBChangeColor.m"; sourceTree = "<group>"; };
		40F82ECC2276BE4E000259A3 /* LBPlaceholderTextView.h */ = {isa = PBXFileReference; fileEncoding = 4; lastKnownFileType = sourcecode.c.h; path = LBPlaceholderTextView.h; sourceTree = "<group>"; };
		40F82ECD2276BE4E000259A3 /* LBPlaceholderTextView.m */ = {isa = PBXFileReference; fileEncoding = 4; lastKnownFileType = sourcecode.c.objc; path = LBPlaceholderTextView.m; sourceTree = "<group>"; };
		FBC05F474BDF1440E868FF62 /* Pods-LBCommonComponentsTestProject.release.xcconfig */ = {isa = PBXFileReference; includeInIndex = 1; lastKnownFileType = text.xcconfig; name = "Pods-LBCommonComponentsTestProject.release.xcconfig"; path = "Target Support Files/Pods-LBCommonComponentsTestProject/Pods-LBCommonComponentsTestProject.release.xcconfig"; sourceTree = "<group>"; };
/* End PBXFileReference section */

/* Begin PBXFrameworksBuildPhase section */
		40BEB3C5221E43BE005A8481 /* Frameworks */ = {
			isa = PBXFrameworksBuildPhase;
			buildActionMask = 2147483647;
			files = (
				2145DB75A15F62F0BB4325F7 /* libPods-LBCommonComponentsTestProject.a in Frameworks */,
			);
			runOnlyForDeploymentPostprocessing = 0;
		};
/* End PBXFrameworksBuildPhase section */

/* Begin PBXGroup section */
		4012EBEA22202D22006510F3 /* UIViews */ = {
			isa = PBXGroup;
			children = (
				40ECB5B923225D0B00AC48B8 /* LBReusableScrollView */,
				40273748230D28B200F81FA0 /* LBTextField */,
				40A83B622304037A00D3FE90 /* LBTableViewCell */,
				40A83B652304037A00D3FE90 /* LBTitleFrontImageBehindButton */,
				408847CF22E6C954002A25BD /* LBVerticalButton */,
				40F69D8A22E57C9300EEA23A /* LBRichTextView */,
				40C6F0A022D34344005770E9 /* LBUnderlineSegmentedControl */,
				40C6F09522D3345A005770E9 /* LBUnderlineButton */,
				4091C17122816CAF00C09FE6 /* LBCodeView */,
				40F82ECB2276BE4E000259A3 /* LBPlaceholderTextView */,
				4012EBEE22202D22006510F3 /* LBTitleAndInputCell */,
				4012EBF122202D22006510F3 /* LBCodeGetButton */,
				4012EBF422202D22006510F3 /* UIViewInit */,
			);
			path = UIViews;
			sourceTree = "<group>";
		};
		4012EBEE22202D22006510F3 /* LBTitleAndInputCell */ = {
			isa = PBXGroup;
			children = (
				4012EBF022202D22006510F3 /* LBTitleAndInputCell.h */,
				4012EBEF22202D22006510F3 /* LBTitleAndInputCell.m */,
			);
			path = LBTitleAndInputCell;
			sourceTree = "<group>";
		};
		4012EBF122202D22006510F3 /* LBCodeGetButton */ = {
			isa = PBXGroup;
			children = (
				4012EBF222202D22006510F3 /* LBCodeGetButton.h */,
				4012EBF322202D22006510F3 /* LBCodeGetButton.m */,
			);
			path = LBCodeGetButton;
			sourceTree = "<group>";
		};
		4012EBF422202D22006510F3 /* UIViewInit */ = {
			isa = PBXGroup;
			children = (
				4012EBF522202D22006510F3 /* UILabel+LBInit.h */,
				4012EBF922202D22006510F3 /* UILabel+LBInit.m */,
				4012EBF622202D22006510F3 /* UIButton+LBInit.h */,
				4012EBF822202D22006510F3 /* UIButton+LBInit.m */,
				4012EBFA22202D22006510F3 /* UIView+LBInit.h */,
				4012EBF722202D22006510F3 /* UIView+LBInit.m */,
			);
			path = UIViewInit;
			sourceTree = "<group>";
		};
		4012EBFB22202D22006510F3 /* NSObjects */ = {
			isa = PBXGroup;
			children = (
				40A83B6A2304056100D3FE90 /* LBLunarFormatter */,
				407F850322F153ED000CC777 /* LBSystemPhotoPicker */,
				40C6F09922D33582005770E9 /* LBUserModel */,
				4012EBFC22202D22006510F3 /* LBCustemPresentTransitions */,
				4012EC0222202D22006510F3 /* LBEncrypt */,
			);
			path = NSObjects;
			sourceTree = "<group>";
		};
		4012EBFC22202D22006510F3 /* LBCustemPresentTransitions */ = {
			isa = PBXGroup;
			children = (
				4012EBFD22202D22006510F3 /* LBCustemPresentTransitions.h */,
				4012EBFE22202D22006510F3 /* LBCustemPresentTransitions.m */,
			);
			path = LBCustemPresentTransitions;
			sourceTree = "<group>";
		};
		4012EC0222202D22006510F3 /* LBEncrypt */ = {
			isa = PBXGroup;
			children = (
				4012EC0322202D22006510F3 /* LBSecKeyWrapper */,
				4012EC0622202D22006510F3 /* LBAESEncrypt */,
			);
			path = LBEncrypt;
			sourceTree = "<group>";
		};
		4012EC0322202D22006510F3 /* LBSecKeyWrapper */ = {
			isa = PBXGroup;
			children = (
				4012EC0422202D22006510F3 /* LBSecKeyWrapper.m */,
				4012EC0522202D22006510F3 /* LBSecKeyWrapper.h */,
			);
			path = LBSecKeyWrapper;
			sourceTree = "<group>";
		};
		4012EC0622202D22006510F3 /* LBAESEncrypt */ = {
			isa = PBXGroup;
			children = (
				4012EC0722202D22006510F3 /* LBAESEncrypt.m */,
				4012EC0822202D22006510F3 /* LBAESEncrypt.h */,
			);
			path = LBAESEncrypt;
			sourceTree = "<group>";
		};
		4012EC0922202D22006510F3 /* UIViewControllers */ = {
			isa = PBXGroup;
			children = (
				4047E93A230CDD3200A9FF80 /* LBPhotoPreviewController */,
				40C6F0A422D34417005770E9 /* LBYearMonthPickerVC */,
				4012EC0A22202D22006510F3 /* LBItemsSelectViewController */,
				4012EC0D22202D22006510F3 /* LBWebViewController */,
				4012EC1522202D22006510F3 /* LBAlertController */,
			);
			path = UIViewControllers;
			sourceTree = "<group>";
		};
		4012EC0A22202D22006510F3 /* LBItemsSelectViewController */ = {
			isa = PBXGroup;
			children = (
				4012EC0B22202D22006510F3 /* LBItemsSelectViewController.h */,
				4012EC0C22202D22006510F3 /* LBItemsSelectViewController.m */,
			);
			path = LBItemsSelectViewController;
			sourceTree = "<group>";
		};
		4012EC0D22202D22006510F3 /* LBWebViewController */ = {
			isa = PBXGroup;
			children = (
				4012EC0E22202D22006510F3 /* LBWebViewController.h */,
				4012EC1122202D22006510F3 /* LBWebViewController.m */,
				4012EC0F22202D22006510F3 /* ic_forward.png */,
				4012EC1022202D22006510F3 /* ic_back.png */,
			);
			path = LBWebViewController;
			sourceTree = "<group>";
		};
		4012EC1522202D22006510F3 /* LBAlertController */ = {
			isa = PBXGroup;
			children = (
				4012EC1622202D22006510F3 /* LBAlertController.h */,
				4012EC1722202D22006510F3 /* LBAlertController.m */,
			);
			path = LBAlertController;
			sourceTree = "<group>";
		};
		4012EC2922205469006510F3 /* Macros */ = {
			isa = PBXGroup;
			children = (
				4012EC2A22205469006510F3 /* LBFunctionMacro.h */,
				4012EC2B22205469006510F3 /* LBSystemMacro.h */,
				4012EC2C22205469006510F3 /* LBUIMacro.h */,
			);
			path = Macros;
			sourceTree = "<group>";
		};
		40273748230D28B200F81FA0 /* LBTextField */ = {
			isa = PBXGroup;
			children = (
				4027374A230D28B200F81FA0 /* LBTextField.h */,
				40273749230D28B200F81FA0 /* LBTextField.m */,
			);
			path = LBTextField;
			sourceTree = "<group>";
		};
		4047E93A230CDD3200A9FF80 /* LBPhotoPreviewController */ = {
			isa = PBXGroup;
			children = (
				4047E93B230CDD3200A9FF80 /* LBPhotoPreviewController.h */,
				4047E93C230CDD3200A9FF80 /* LBPhotoPreviewController.m */,
				4047E93D230CDD3200A9FF80 /* lbphoto_back@2x.png */,
				4047E93E230CDD3200A9FF80 /* lbphoto_delete@2x.png */,
			);
			path = LBPhotoPreviewController;
			sourceTree = "<group>";
		};
		4069AF65230BD13E0074C2E6 /* UIView+Geometry */ = {
			isa = PBXGroup;
			children = (
				4069AF67230BD13E0074C2E6 /* UIView+LBGeometry.h */,
				4069AF66230BD13E0074C2E6 /* UIView+LBGeometry.m */,
			);
			path = "UIView+Geometry";
			sourceTree = "<group>";
		};
		406DAFD1222E2B92000A7BE9 /* Category */ = {
			isa = PBXGroup;
			children = (
				4069AF65230BD13E0074C2E6 /* UIView+Geometry */,
				40F69D9122E5B64C00EEA23A /* UIImage+ChangeColor */,
				406DAFE9222E31B8000A7BE9 /* NSNull+InternalNullExtention */,
				406DAFE1222E2DAA000A7BE9 /* NSDate+ToString */,
				406DAFE2222E2DAB000A7BE9 /* NSString+ToDate */,
				406DAFD2222E2B92000A7BE9 /* UIColor+ConvertToImage */,
			);
			path = Category;
			sourceTree = "<group>";
		};
		406DAFD2222E2B92000A7BE9 /* UIColor+ConvertToImage */ = {
			isa = PBXGroup;
			children = (
				406DAFD3222E2C22000A7BE9 /* UIColor+LBConvertToImage.h */,
				406DAFD4222E2C22000A7BE9 /* UIColor+LBConvertToImage.m */,
			);
			path = "UIColor+ConvertToImage";
			sourceTree = "<group>";
		};
		406DAFE1222E2DAA000A7BE9 /* NSDate+ToString */ = {
			isa = PBXGroup;
			children = (
				406DAFE3222E2DCD000A7BE9 /* NSDate+LBToString.h */,
				406DAFE4222E2DCD000A7BE9 /* NSDate+LBToString.m */,
			);
			path = "NSDate+ToString";
			sourceTree = "<group>";
		};
		406DAFE2222E2DAB000A7BE9 /* NSString+ToDate */ = {
			isa = PBXGroup;
			children = (
				406DAFE6222E2DE1000A7BE9 /* NSString+LBToDate.h */,
				406DAFE7222E2DE1000A7BE9 /* NSString+LBToDate.m */,
			);
			path = "NSString+ToDate";
			sourceTree = "<group>";
		};
		406DAFE9222E31B8000A7BE9 /* NSNull+InternalNullExtention */ = {
			isa = PBXGroup;
			children = (
				406DAFEA222E31B8000A7BE9 /* NSNull+LBInternalNullExtention.m */,
				406DAFEB222E31B8000A7BE9 /* NSNull+LBInternalNullExtention.h */,
			);
			path = "NSNull+InternalNullExtention";
			sourceTree = "<group>";
		};
		407F850322F153ED000CC777 /* LBSystemPhotoPicker */ = {
			isa = PBXGroup;
			children = (
				407F850522F153ED000CC777 /* LBSystemPhotoPicker.h */,
				407F850422F153ED000CC777 /* LBSystemPhotoPicker.m */,
			);
			path = LBSystemPhotoPicker;
			sourceTree = "<group>";
		};
		408847CF22E6C954002A25BD /* LBVerticalButton */ = {
			isa = PBXGroup;
			children = (
				408847D122E6C954002A25BD /* LBVerticalButton.h */,
				408847D022E6C954002A25BD /* LBVerticalButton.m */,
			);
			path = LBVerticalButton;
			sourceTree = "<group>";
		};
		4091C17122816CAF00C09FE6 /* LBCodeView */ = {
			isa = PBXGroup;
			children = (
				4091C17222816CAF00C09FE6 /* LBCodeView.m */,
				4091C17322816CAF00C09FE6 /* LBCodeView.h */,
			);
			path = LBCodeView;
			sourceTree = "<group>";
		};
		40A83B622304037A00D3FE90 /* LBTableViewCell */ = {
			isa = PBXGroup;
			children = (
				40A83B632304037A00D3FE90 /* LBTableViewCell.h */,
				40A83B642304037A00D3FE90 /* LBTableViewCell.m */,
			);
			path = LBTableViewCell;
			sourceTree = "<group>";
		};
		40A83B652304037A00D3FE90 /* LBTitleFrontImageBehindButton */ = {
			isa = PBXGroup;
			children = (
				40A83B662304037A00D3FE90 /* LBTitleFrontImageBehindButton.h */,
				40A83B672304037A00D3FE90 /* LBTitleFrontImageBehindButton.m */,
			);
			path = LBTitleFrontImageBehindButton;
			sourceTree = "<group>";
		};
		40A83B6A2304056100D3FE90 /* LBLunarFormatter */ = {
			isa = PBXGroup;
			children = (
				40A83B6B2304056100D3FE90 /* LBLunarFormatter.h */,
				40A83B6D2304056100D3FE90 /* LBLunarFormatter.m */,
			);
			path = LBLunarFormatter;
			sourceTree = "<group>";
		};
		40BEB3BF221E43BE005A8481 = {
			isa = PBXGroup;
			children = (
				40E061B1221FCB5D00DB89E3 /* LBCommonComponents.podspec */,
				40BEB3CA221E43BE005A8481 /* LBCommonComponentsTestProject */,
				40BEB3C9221E43BE005A8481 /* Products */,
				8BD463A2882E61A1AAA649FC /* Pods */,
				668382ECC1E79DE120C6FFED /* Frameworks */,
			);
			sourceTree = "<group>";
		};
		40BEB3C9221E43BE005A8481 /* Products */ = {
			isa = PBXGroup;
			children = (
				40BEB3C8221E43BE005A8481 /* LBCommonComponentsTestProject.app */,
			);
			name = Products;
			sourceTree = "<group>";
		};
		40BEB3CA221E43BE005A8481 /* LBCommonComponentsTestProject */ = {
			isa = PBXGroup;
			children = (
				40E06199221F93F100DB89E3 /* LBCommonComponents */,
				40BEB3E1221E4469005A8481 /* AppDelegate */,
				40BEB3E4221E4469005A8481 /* LBCommonComponentsTestVC */,
				40BEB3D9221E43BF005A8481 /* Info.plist */,
				40BEB3DA221E43BF005A8481 /* main.m */,
				40E061B7221FD36E00DB89E3 /* LBCommonComponentsTestProject.pch */,
				401998C5224CA1B4009EA79C /* Images.xcassets */,
			);
			path = LBCommonComponentsTestProject;
			sourceTree = "<group>";
		};
		40BEB3E1221E4469005A8481 /* AppDelegate */ = {
			isa = PBXGroup;
			children = (
				40BEB3E2221E4469005A8481 /* AppDelegate.h */,
				40BEB3E3221E4469005A8481 /* AppDelegate.m */,
			);
			path = AppDelegate;
			sourceTree = "<group>";
		};
		40BEB3E4221E4469005A8481 /* LBCommonComponentsTestVC */ = {
			isa = PBXGroup;
			children = (
				40AEA9EE224C6B0B0063FCE0 /* LBCommonComponentsTestVC.h */,
				40BEB3E5221E4469005A8481 /* LBCommonComponentsTestVC.m */,
			);
			path = LBCommonComponentsTestVC;
			sourceTree = "<group>";
		};
		40C6F09522D3345A005770E9 /* LBUnderlineButton */ = {
			isa = PBXGroup;
			children = (
				40C6F09622D3345A005770E9 /* LBUnderlineButton.h */,
				40C6F09722D3345A005770E9 /* LBUnderlineButton.m */,
			);
			path = LBUnderlineButton;
			sourceTree = "<group>";
		};
		40C6F09922D33582005770E9 /* LBUserModel */ = {
			isa = PBXGroup;
			children = (
				40C6F09D22D33583005770E9 /* LBUserModel.h */,
				40C6F09B22D33583005770E9 /* LBUserModel.m */,
				40C6F09C22D33583005770E9 /* LBUserModel+TempOperateInfo.h */,
				40C6F09A22D33582005770E9 /* LBUserModel+TempOperateInfo.m */,
			);
			path = LBUserModel;
			sourceTree = "<group>";
		};
		40C6F0A022D34344005770E9 /* LBUnderlineSegmentedControl */ = {
			isa = PBXGroup;
			children = (
				40C6F0A122D34344005770E9 /* LBUnderlineSegmentedControl.h */,
				40C6F0A222D34344005770E9 /* LBUnderlineSegmentedControl.m */,
			);
			path = LBUnderlineSegmentedControl;
			sourceTree = "<group>";
		};
		40C6F0A422D34417005770E9 /* LBYearMonthPickerVC */ = {
			isa = PBXGroup;
			children = (
				40C6F0A522D34417005770E9 /* LBYearMonthPickerVC.h */,
				40C6F0A622D34417005770E9 /* LBYearMonthPickerVC.m */,
			);
			path = LBYearMonthPickerVC;
			sourceTree = "<group>";
		};
		40E06199221F93F100DB89E3 /* LBCommonComponents */ = {
			isa = PBXGroup;
			children = (
				406DAFD1222E2B92000A7BE9 /* Category */,
				4012EC2922205469006510F3 /* Macros */,
				4012EBFB22202D22006510F3 /* NSObjects */,
				4012EC0922202D22006510F3 /* UIViewControllers */,
				4012EBEA22202D22006510F3 /* UIViews */,
			);
			path = LBCommonComponents;
			sourceTree = SOURCE_ROOT;
		};
		40ECB5B923225D0B00AC48B8 /* LBReusableScrollView */ = {
			isa = PBXGroup;
			children = (
				40ECB5BB23225D0B00AC48B8 /* LBReusableScrollView.h */,
				40ECB5BA23225D0B00AC48B8 /* LBReusableScrollView.m */,
			);
			path = LBReusableScrollView;
			sourceTree = "<group>";
		};
		40F69D8A22E57C9300EEA23A /* LBRichTextView */ = {
			isa = PBXGroup;
			children = (
				40F69D8C22E57C9300EEA23A /* LBRichTextView.h */,
				40F69D8B22E57C9300EEA23A /* LBRichTextView.m */,
			);
			path = LBRichTextView;
			sourceTree = "<group>";
		};
		40F69D9122E5B64C00EEA23A /* UIImage+ChangeColor */ = {
			isa = PBXGroup;
			children = (
				40F69D9222E5B64C00EEA23A /* UIImage+LBChangeColor.h */,
				40F69D9322E5B64C00EEA23A /* UIImage+LBChangeColor.m */,
			);
			path = "UIImage+ChangeColor";
			sourceTree = "<group>";
		};
		40F82ECB2276BE4E000259A3 /* LBPlaceholderTextView */ = {
			isa = PBXGroup;
			children = (
				40F82ECC2276BE4E000259A3 /* LBPlaceholderTextView.h */,
				40F82ECD2276BE4E000259A3 /* LBPlaceholderTextView.m */,
			);
			path = LBPlaceholderTextView;
			sourceTree = "<group>";
		};
		668382ECC1E79DE120C6FFED /* Frameworks */ = {
			isa = PBXGroup;
			children = (
				1522CACBFC08DF221B33410F /* libPods-LBCommonComponentsTestProject.a */,
			);
			name = Frameworks;
			sourceTree = "<group>";
		};
		8BD463A2882E61A1AAA649FC /* Pods */ = {
			isa = PBXGroup;
			children = (
				3ED8077D0FAB1027D13E3C0E /* Pods-LBCommonComponentsTestProject.debug.xcconfig */,
				FBC05F474BDF1440E868FF62 /* Pods-LBCommonComponentsTestProject.release.xcconfig */,
			);
			path = Pods;
			sourceTree = "<group>";
		};
/* End PBXGroup section */

/* Begin PBXNativeTarget section */
		40BEB3C7221E43BE005A8481 /* LBCommonComponentsTestProject */ = {
			isa = PBXNativeTarget;
			buildConfigurationList = 40BEB3DE221E43BF005A8481 /* Build configuration list for PBXNativeTarget "LBCommonComponentsTestProject" */;
			buildPhases = (
				8C8059E2BF291A66D8E01CB5 /* [CP] Check Pods Manifest.lock */,
				40BEB3C4221E43BE005A8481 /* Sources */,
				40BEB3C5221E43BE005A8481 /* Frameworks */,
				40BEB3C6221E43BE005A8481 /* Resources */,
			);
			buildRules = (
			);
			dependencies = (
			);
			name = LBCommonComponentsTestProject;
			productName = CommonComponentsTestProject;
			productReference = 40BEB3C8221E43BE005A8481 /* LBCommonComponentsTestProject.app */;
			productType = "com.apple.product-type.application";
		};
/* End PBXNativeTarget section */

/* Begin PBXProject section */
		40BEB3C0221E43BE005A8481 /* Project object */ = {
			isa = PBXProject;
			attributes = {
				LastUpgradeCheck = 1010;
				ORGANIZATIONNAME = BIN;
				TargetAttributes = {
					40BEB3C7221E43BE005A8481 = {
						CreatedOnToolsVersion = 10.1;
					};
				};
			};
			buildConfigurationList = 40BEB3C3221E43BE005A8481 /* Build configuration list for PBXProject "LBCommonComponentsTestProject" */;
			compatibilityVersion = "Xcode 9.3";
			developmentRegion = en;
			hasScannedForEncodings = 0;
			knownRegions = (
				en,
				Base,
			);
			mainGroup = 40BEB3BF221E43BE005A8481;
			productRefGroup = 40BEB3C9221E43BE005A8481 /* Products */;
			projectDirPath = "";
			projectRoot = "";
			targets = (
				40BEB3C7221E43BE005A8481 /* LBCommonComponentsTestProject */,
			);
		};
/* End PBXProject section */

/* Begin PBXResourcesBuildPhase section */
		40BEB3C6221E43BE005A8481 /* Resources */ = {
			isa = PBXResourcesBuildPhase;
			buildActionMask = 2147483647;
			files = (
				4012EC2422202D23006510F3 /* ic_back.png in Resources */,
				4047E940230CDD3200A9FF80 /* lbphoto_back@2x.png in Resources */,
				401998C6224CA1B4009EA79C /* Images.xcassets in Resources */,
				4012EC2322202D23006510F3 /* ic_forward.png in Resources */,
				4047E941230CDD3200A9FF80 /* lbphoto_delete@2x.png in Resources */,
				40E061B2221FCB5D00DB89E3 /* LBCommonComponents.podspec in Resources */,
			);
			runOnlyForDeploymentPostprocessing = 0;
		};
/* End PBXResourcesBuildPhase section */

/* Begin PBXShellScriptBuildPhase section */
		8C8059E2BF291A66D8E01CB5 /* [CP] Check Pods Manifest.lock */ = {
			isa = PBXShellScriptBuildPhase;
			buildActionMask = 2147483647;
			files = (
			);
			inputFileListPaths = (
			);
			inputPaths = (
				"${PODS_PODFILE_DIR_PATH}/Podfile.lock",
				"${PODS_ROOT}/Manifest.lock",
			);
			name = "[CP] Check Pods Manifest.lock";
			outputFileListPaths = (
			);
			outputPaths = (
				"$(DERIVED_FILE_DIR)/Pods-LBCommonComponentsTestProject-checkManifestLockResult.txt",
			);
			runOnlyForDeploymentPostprocessing = 0;
			shellPath = /bin/sh;
			shellScript = "diff \"${PODS_PODFILE_DIR_PATH}/Podfile.lock\" \"${PODS_ROOT}/Manifest.lock\" > /dev/null\nif [ $? != 0 ] ; then\n    # print error to STDERR\n    echo \"error: The sandbox is not in sync with the Podfile.lock. Run 'pod install' or update your CocoaPods installation.\" >&2\n    exit 1\nfi\n# This output is used by Xcode 'outputs' to avoid re-running this script phase.\necho \"SUCCESS\" > \"${SCRIPT_OUTPUT_FILE_0}\"\n";
			showEnvVarsInLog = 0;
		};
/* End PBXShellScriptBuildPhase section */

/* Begin PBXSourcesBuildPhase section */
		40BEB3C4221E43BE005A8481 /* Sources */ = {
			isa = PBXSourcesBuildPhase;
			buildActionMask = 2147483647;
			files = (
				407F850622F153ED000CC777 /* LBSystemPhotoPicker.m in Sources */,
				4012EC1B22202D22006510F3 /* UIView+LBInit.m in Sources */,
				40F69D8D22E57C9300EEA23A /* LBRichTextView.m in Sources */,
				4091C17422816CAF00C09FE6 /* LBCodeView.m in Sources */,
				406DAFE5222E2DCD000A7BE9 /* NSDate+LBToString.m in Sources */,
				40C6F09E22D33583005770E9 /* LBUserModel+TempOperateInfo.m in Sources */,
				40F82ECE2276BE4E000259A3 /* LBPlaceholderTextView.m in Sources */,
				4012EC1A22202D22006510F3 /* LBCodeGetButton.m in Sources */,
				406DAFEC222E31B8000A7BE9 /* NSNull+LBInternalNullExtention.m in Sources */,
				4069AF68230BD13E0074C2E6 /* UIView+LBGeometry.m in Sources */,
				40F69D9422E5B64C00EEA23A /* UIImage+LBChangeColor.m in Sources */,
				4012EC2722202D23006510F3 /* LBAlertController.m in Sources */,
				40A83B692304037A00D3FE90 /* LBTitleFrontImageBehindButton.m in Sources */,
				4012EC2022202D23006510F3 /* LBSecKeyWrapper.m in Sources */,
				408847D222E6C954002A25BD /* LBVerticalButton.m in Sources */,
				406DAFD5222E2C22000A7BE9 /* UIColor+LBConvertToImage.m in Sources */,
				4012EC1C22202D22006510F3 /* UIButton+LBInit.m in Sources */,
				40BEB3E8221E4469005A8481 /* LBCommonComponentsTestVC.m in Sources */,
				4012EC1D22202D22006510F3 /* UILabel+LBInit.m in Sources */,
				4027374B230D28B200F81FA0 /* LBTextField.m in Sources */,
				40C6F09F22D33583005770E9 /* LBUserModel.m in Sources */,
				40BEB3E7221E4469005A8481 /* AppDelegate.m in Sources */,
				4012EC2522202D23006510F3 /* LBWebViewController.m in Sources */,
				4012EC1E22202D23006510F3 /* LBCustemPresentTransitions.m in Sources */,
				40ECB5BC23225D0B00AC48B8 /* LBReusableScrollView.m in Sources */,
				4012EC1922202D22006510F3 /* LBTitleAndInputCell.m in Sources */,
				40C6F0A322D34344005770E9 /* LBUnderlineSegmentedControl.m in Sources */,
				40C6F0A722D34417005770E9 /* LBYearMonthPickerVC.m in Sources */,
				4047E93F230CDD3200A9FF80 /* LBPhotoPreviewController.m in Sources */,
				40BEB3DB221E43BF005A8481 /* main.m in Sources */,
				40C6F09822D3345A005770E9 /* LBUnderlineButton.m in Sources */,
				406DAFE8222E2DE1000A7BE9 /* NSString+LBToDate.m in Sources */,
				40A83B682304037A00D3FE90 /* LBTableViewCell.m in Sources */,
				4012EC2122202D23006510F3 /* LBAESEncrypt.m in Sources */,
				4012EC2222202D23006510F3 /* LBItemsSelectViewController.m in Sources */,
				40A83B6E2304056100D3FE90 /* LBLunarFormatter.m in Sources */,
			);
			runOnlyForDeploymentPostprocessing = 0;
		};
/* End PBXSourcesBuildPhase section */

/* Begin XCBuildConfiguration section */
		40BEB3DC221E43BF005A8481 /* Debug */ = {
			isa = XCBuildConfiguration;
			buildSettings = {
				ALWAYS_SEARCH_USER_PATHS = NO;
				CLANG_ANALYZER_NONNULL = YES;
				CLANG_ANALYZER_NUMBER_OBJECT_CONVERSION = YES_AGGRESSIVE;
				CLANG_CXX_LANGUAGE_STANDARD = "gnu++14";
				CLANG_CXX_LIBRARY = "libc++";
				CLANG_ENABLE_MODULES = YES;
				CLANG_ENABLE_OBJC_ARC = YES;
				CLANG_ENABLE_OBJC_WEAK = YES;
				CLANG_WARN_BLOCK_CAPTURE_AUTORELEASING = YES;
				CLANG_WARN_BOOL_CONVERSION = YES;
				CLANG_WARN_COMMA = YES;
				CLANG_WARN_CONSTANT_CONVERSION = YES;
				CLANG_WARN_DEPRECATED_OBJC_IMPLEMENTATIONS = YES;
				CLANG_WARN_DIRECT_OBJC_ISA_USAGE = YES_ERROR;
				CLANG_WARN_DOCUMENTATION_COMMENTS = YES;
				CLANG_WARN_EMPTY_BODY = YES;
				CLANG_WARN_ENUM_CONVERSION = YES;
				CLANG_WARN_INFINITE_RECURSION = YES;
				CLANG_WARN_INT_CONVERSION = YES;
				CLANG_WARN_NON_LITERAL_NULL_CONVERSION = YES;
				CLANG_WARN_OBJC_IMPLICIT_RETAIN_SELF = YES;
				CLANG_WARN_OBJC_LITERAL_CONVERSION = YES;
				CLANG_WARN_OBJC_ROOT_CLASS = YES_ERROR;
				CLANG_WARN_RANGE_LOOP_ANALYSIS = YES;
				CLANG_WARN_STRICT_PROTOTYPES = YES;
				CLANG_WARN_SUSPICIOUS_MOVE = YES;
				CLANG_WARN_UNGUARDED_AVAILABILITY = YES_AGGRESSIVE;
				CLANG_WARN_UNREACHABLE_CODE = YES;
				CLANG_WARN__DUPLICATE_METHOD_MATCH = YES;
				CODE_SIGN_IDENTITY = "iPhone Developer";
				COPY_PHASE_STRIP = NO;
				DEBUG_INFORMATION_FORMAT = dwarf;
				ENABLE_STRICT_OBJC_MSGSEND = YES;
				ENABLE_TESTABILITY = YES;
				GCC_C_LANGUAGE_STANDARD = gnu11;
				GCC_DYNAMIC_NO_PIC = NO;
				GCC_NO_COMMON_BLOCKS = YES;
				GCC_OPTIMIZATION_LEVEL = 0;
				GCC_PREPROCESSOR_DEFINITIONS = (
					"DEBUG=1",
					"$(inherited)",
				);
				GCC_WARN_64_TO_32_BIT_CONVERSION = YES;
				GCC_WARN_ABOUT_RETURN_TYPE = YES_ERROR;
				GCC_WARN_UNDECLARED_SELECTOR = YES;
				GCC_WARN_UNINITIALIZED_AUTOS = YES_AGGRESSIVE;
				GCC_WARN_UNUSED_FUNCTION = YES;
				GCC_WARN_UNUSED_VARIABLE = YES;
				IPHONEOS_DEPLOYMENT_TARGET = 12.1;
				MTL_ENABLE_DEBUG_INFO = INCLUDE_SOURCE;
				MTL_FAST_MATH = YES;
				ONLY_ACTIVE_ARCH = YES;
				SDKROOT = iphoneos;
			};
			name = Debug;
		};
		40BEB3DD221E43BF005A8481 /* Release */ = {
			isa = XCBuildConfiguration;
			buildSettings = {
				ALWAYS_SEARCH_USER_PATHS = NO;
				CLANG_ANALYZER_NONNULL = YES;
				CLANG_ANALYZER_NUMBER_OBJECT_CONVERSION = YES_AGGRESSIVE;
				CLANG_CXX_LANGUAGE_STANDARD = "gnu++14";
				CLANG_CXX_LIBRARY = "libc++";
				CLANG_ENABLE_MODULES = YES;
				CLANG_ENABLE_OBJC_ARC = YES;
				CLANG_ENABLE_OBJC_WEAK = YES;
				CLANG_WARN_BLOCK_CAPTURE_AUTORELEASING = YES;
				CLANG_WARN_BOOL_CONVERSION = YES;
				CLANG_WARN_COMMA = YES;
				CLANG_WARN_CONSTANT_CONVERSION = YES;
				CLANG_WARN_DEPRECATED_OBJC_IMPLEMENTATIONS = YES;
				CLANG_WARN_DIRECT_OBJC_ISA_USAGE = YES_ERROR;
				CLANG_WARN_DOCUMENTATION_COMMENTS = YES;
				CLANG_WARN_EMPTY_BODY = YES;
				CLANG_WARN_ENUM_CONVERSION = YES;
				CLANG_WARN_INFINITE_RECURSION = YES;
				CLANG_WARN_INT_CONVERSION = YES;
				CLANG_WARN_NON_LITERAL_NULL_CONVERSION = YES;
				CLANG_WARN_OBJC_IMPLICIT_RETAIN_SELF = YES;
				CLANG_WARN_OBJC_LITERAL_CONVERSION = YES;
				CLANG_WARN_OBJC_ROOT_CLASS = YES_ERROR;
				CLANG_WARN_RANGE_LOOP_ANALYSIS = YES;
				CLANG_WARN_STRICT_PROTOTYPES = YES;
				CLANG_WARN_SUSPICIOUS_MOVE = YES;
				CLANG_WARN_UNGUARDED_AVAILABILITY = YES_AGGRESSIVE;
				CLANG_WARN_UNREACHABLE_CODE = YES;
				CLANG_WARN__DUPLICATE_METHOD_MATCH = YES;
				CODE_SIGN_IDENTITY = "iPhone Developer";
				COPY_PHASE_STRIP = NO;
				DEBUG_INFORMATION_FORMAT = "dwarf-with-dsym";
				ENABLE_NS_ASSERTIONS = NO;
				ENABLE_STRICT_OBJC_MSGSEND = YES;
				GCC_C_LANGUAGE_STANDARD = gnu11;
				GCC_NO_COMMON_BLOCKS = YES;
				GCC_WARN_64_TO_32_BIT_CONVERSION = YES;
				GCC_WARN_ABOUT_RETURN_TYPE = YES_ERROR;
				GCC_WARN_UNDECLARED_SELECTOR = YES;
				GCC_WARN_UNINITIALIZED_AUTOS = YES_AGGRESSIVE;
				GCC_WARN_UNUSED_FUNCTION = YES;
				GCC_WARN_UNUSED_VARIABLE = YES;
				IPHONEOS_DEPLOYMENT_TARGET = 12.1;
				MTL_ENABLE_DEBUG_INFO = NO;
				MTL_FAST_MATH = YES;
				SDKROOT = iphoneos;
				VALIDATE_PRODUCT = YES;
			};
			name = Release;
		};
		40BEB3DF221E43BF005A8481 /* Debug */ = {
			isa = XCBuildConfiguration;
			baseConfigurationReference = 3ED8077D0FAB1027D13E3C0E /* Pods-LBCommonComponentsTestProject.debug.xcconfig */;
			buildSettings = {
				ASSETCATALOG_COMPILER_APPICON_NAME = AppIcon;
				ASSETCATALOG_COMPILER_LAUNCHIMAGE_NAME = LaunchImage;
				CODE_SIGN_STYLE = Automatic;
				DEVELOPMENT_TEAM = 8L8YGY7ZJ2;
				GCC_PREFIX_HEADER = "$(SRCROOT)/LBCommonComponentsTestProject/LBCommonComponentsTestProject.pch";
				INFOPLIST_FILE = "$(SRCROOT)/LBCommonComponentsTestProject/Info.plist";
				IPHONEOS_DEPLOYMENT_TARGET = 8.0;
				LD_RUNPATH_SEARCH_PATHS = (
					"$(inherited)",
					"@executable_path/Frameworks",
				);
				PRODUCT_BUNDLE_IDENTIFIER = com.yourcompany.CommonComponentsTestProject;
				PRODUCT_NAME = "$(TARGET_NAME)";
				TARGETED_DEVICE_FAMILY = 1;
			};
			name = Debug;
		};
		40BEB3E0221E43BF005A8481 /* Release */ = {
			isa = XCBuildConfiguration;
			baseConfigurationReference = FBC05F474BDF1440E868FF62 /* Pods-LBCommonComponentsTestProject.release.xcconfig */;
			buildSettings = {
				ASSETCATALOG_COMPILER_APPICON_NAME = AppIcon;
				ASSETCATALOG_COMPILER_LAUNCHIMAGE_NAME = LaunchImage;
				CODE_SIGN_STYLE = Automatic;
				DEVELOPMENT_TEAM = 8L8YGY7ZJ2;
				GCC_PREFIX_HEADER = "$(SRCROOT)/LBCommonComponentsTestProject/LBCommonComponentsTestProject.pch";
				INFOPLIST_FILE = "$(SRCROOT)/LBCommonComponentsTestProject/Info.plist";
				IPHONEOS_DEPLOYMENT_TARGET = 8.0;
				LD_RUNPATH_SEARCH_PATHS = (
					"$(inherited)",
					"@executable_path/Frameworks",
				);
				PRODUCT_BUNDLE_IDENTIFIER = com.yourcompany.CommonComponentsTestProject;
				PRODUCT_NAME = "$(TARGET_NAME)";
				TARGETED_DEVICE_FAMILY = 1;
			};
			name = Release;
		};
/* End XCBuildConfiguration section */

/* Begin XCConfigurationList section */
		40BEB3C3221E43BE005A8481 /* Build configuration list for PBXProject "LBCommonComponentsTestProject" */ = {
			isa = XCConfigurationList;
			buildConfigurations = (
				40BEB3DC221E43BF005A8481 /* Debug */,
				40BEB3DD221E43BF005A8481 /* Release */,
			);
			defaultConfigurationIsVisible = 0;
			defaultConfigurationName = Release;
		};
		40BEB3DE221E43BF005A8481 /* Build configuration list for PBXNativeTarget "LBCommonComponentsTestProject" */ = {
			isa = XCConfigurationList;
			buildConfigurations = (
				40BEB3DF221E43BF005A8481 /* Debug */,
				40BEB3E0221E43BF005A8481 /* Release */,
			);
			defaultConfigurationIsVisible = 0;
			defaultConfigurationName = Release;
		};
/* End XCConfigurationList section */
	};
	rootObject = 40BEB3C0221E43BE005A8481 /* Project object */;
}
